
Microsoft Visual Studio Solution File, Format Version 12.00
# Visual Studio Version 16
VisualStudioVersion = 16.0.30804.86
MinimumVisualStudioVersion = 10.0.40219.1
Project("{FAE04EC0-301F-11D3-BF4B-00C04F79EFBC}") = "HttpClientFactoryExample", "HttpClientFactoryExample\HttpClientFactoryExample.csproj", "{3924F1BC-FC37-4334-B4DF-806BF6BA74CC}"
EndProject
Global
	GlobalSection(SolutionConfigurationPlatforms) = preSolution
		Debug|Any CPU = Debug|Any CPU
		Release|Any CPU = Release|Any CPU
	EndGlobalSection
	GlobalSection(ProjectConfigurationPlatforms) = postSolution
		{3924F1BC-FC37-4334-B4DF-806BF6BA74CC}.Debug|Any CPU.ActiveCfg = Debug|Any CPU
		{3924F1BC-FC37-4334-B4DF-806BF6BA74CC}.Debug|Any CPU.Build.0 = Debug|Any CPU
		{3924F1BC-FC37-4334-B4DF-806BF6BA74CC}.Release|Any CPU.ActiveCfg = Release|Any CPU
		{3924F1BC-FC37-4334-B4DF-806BF6BA74CC}.Release|Any CPU.Build.0 = Release|Any CPU
	EndGlobalSection
	GlobalSection(SolutionProperties) = preSolution
		HideSolutionNode = FALSE
	EndGlobalSection
	GlobalSection(ExtensibilityGlobals) = postSolution
		SolutionGuid = {CF3BDEA4-6392-442A-AFB6-572D459C40E3}
	EndGlobalSection
EndGlobal
